<?xml version="1.0" encoding="UTF-8" standalone="yes" ?>
<CodeBlocks_project_file>
	<FileVersion major="1" minor="6" />
	<Project>
		<Option title="tictobin" />
		<Option pch_mode="2" />
		<Option compiler="gcc" />
		<Build>
			<Target title="Debug">
				<Option output="bin/Debug/tictobin" prefix_auto="1" extension_auto="1" />
				<Option object_output="obj/Debug/" />
				<Option type="1" />
				<Option compiler="gcc" />
				<Option parameters="-v  -srtf -nc -mt MT_NULL -r 15/15 -nfv 1" />
				<Compiler>
					<Add option="-g" />
					<Add option="-Wall -Werror -DTIC_TOOLS_FAKE_ETX_STX=1 -g -O0" />
					<Add option="-DTIC_TOOLS_FAKE_ETX_STX=1" />
					<Add directory="../../.." />
				</Compiler>
			</Target>
			<Target title="Release">
				<Option output="bin/Release/tictobin" prefix_auto="1" extension_auto="1" />
				<Option object_output="obj/Release/" />
				<Option type="1" />
				<Option compiler="gcc" />
				<Option parameters="-v  -srtf -nc -mt MT_NULL -r 10/30" />
				<Compiler>
					<Add option="-O2" />
					<Add option="-Wall -Werror -DTIC_TOOLS_FAKE_ETX_STX=1 -g -O0" />
				</Compiler>
				<Linker>
					<Add option="-s" />
				</Linker>
			</Target>
		</Build>
		<Compiler>
			<Add option="-Wall" />
			<Add option="-DTIC_TOOLS_CODECS=1" />
		</Compiler>
		<Unit filename="../../../tic-formater.c">
			<Option compilerVar="CC" />
		</Unit>
		<Unit filename="../../../tic-formater.h" />
		<Unit filename="../../../tic-parser.c">
			<Option compilerVar="CC" />
		</Unit>
		<Unit filename="../../../tic-parser.h" />
		<Unit filename="../../../tic-tools.c">
			<Option compilerVar="CC" />
		</Unit>
		<Unit filename="../../../tic-tools.h" />
		<Unit filename="../../ong-codec-tic.c">
			<Option compilerVar="CC" />
		</Unit>
		<Unit filename="../../ong-codec-tic.h" />
		<Unit filename="../../tictobin.c">
			<Option compilerVar="CC" />
		</Unit>
		<Extensions>
			<code_completion />
			<envvars />
			<debugger />
		</Extensions>
	</Project>
</CodeBlocks_project_file>
